{
  "name": "wl-flort",
  "version": "0.0.1",
  "lockfileVersion": 3,
  "requires": true,
  "packages": {
    "": {
      "name": "wl-flort",
      "version": "0.0.1",
      "dependencies": {
        "@types/node": "^14.0.0"
      },
      "devDependencies": {
        "@types/node": "^14.0.0",
        "@types/vscode": "^1.7.0"
      },
      "engines": {
        "vscode": "^1.7.0"
      }
    },
    "node_modules/@types/node": {
      "version": "14.18.63",
      "resolved": "https://registry.npmjs.org/@types/node/-/node-14.18.63.tgz",
      "integrity": "sha512-fAtCfv4jJg+ExtXhvCkCqUKZ+4ok/JQk01qDKhL5BDDoS3AxKXhV5/MAVUZyQnSEd2GT92fkgZl0pz0Q0AzcIQ==",
      "dev": true,
      "license": "MIT"
    },
    "node_modules/@types/vscode": {
      "version": "1.100.0",
      "resolved": "https://registry.npmjs.org/@types/vscode/-/vscode-1.100.0.tgz",
      "integrity": "sha512-4uNyvzHoraXEeCamR3+fzcBlh7Afs4Ifjs4epINyUX/jvdk0uzLnwiDY35UKDKnkCHP5Nu3dljl2H8lR6s+rQw==",
      "dev": true,
      "license": "MIT"
    }
  }
}
